
Microsoft Visual Studio Solution File, Format Version 12.00
# Visual Studio Version 17
VisualStudioVersion = 17.9.34723.18
MinimumVisualStudioVersion = 10.0.40219.1
Project("{FAE04EC0-301F-11D3-BF4B-00C04F79EFBC}") = "Lab 2 MVC", "Lab 2 MVC\Lab 2 MVC.csproj", "{FA7CBE27-662E-4F17-A2C5-7D16D0326C64}"
EndProject
Global
	GlobalSection(SolutionConfigurationPlatforms) = preSolution
		Debug|Any CPU = Debug|Any CPU
		Release|Any CPU = Release|Any CPU
	EndGlobalSection
	GlobalSection(ProjectConfigurationPlatforms) = postSolution
		{FA7CBE27-662E-4F17-A2C5-7D16D0326C64}.Debug|Any CPU.ActiveCfg = Debug|Any CPU
		{FA7CBE27-662E-4F17-A2C5-7D16D0326C64}.Debug|Any CPU.Build.0 = Debug|Any CPU
		{FA7CBE27-662E-4F17-A2C5-7D16D0326C64}.Release|Any CPU.ActiveCfg = Release|Any CPU
		{FA7CBE27-662E-4F17-A2C5-7D16D0326C64}.Release|Any CPU.Build.0 = Release|Any CPU
	EndGlobalSection
	GlobalSection(SolutionProperties) = preSolution
		HideSolutionNode = FALSE
	EndGlobalSection
	GlobalSection(ExtensibilityGlobals) = postSolution
		SolutionGuid = {A9210749-6D74-4ADC-B8CA-EE2A75EDA134}
	EndGlobalSection
EndGlobal
